
Microsoft Visual Studio Solution File, Format Version 12.00
# Visual Studio Version 16
VisualStudioVersion = 16.0.31829.152
MinimumVisualStudioVersion = 10.0.40219.1
Project("{2150E333-8FDC-42A3-9474-1A3956D46DE8}") = "1 - Layers", "1 - Layers", "{0E18BB49-2B7F-4243-B248-9B45DFD8177F}"
EndProject
Project("{2150E333-8FDC-42A3-9474-1A3956D46DE8}") = "1.1 Distribuited Services", "1.1 Distribuited Services", "{43B46337-5908-4319-B531-CA5DA008B74B}"
EndProject
Project("{2150E333-8FDC-42A3-9474-1A3956D46DE8}") = "1.2 Aplicacion", "1.2 Aplicacion", "{B004120F-5E6A-495C-BCB4-5FB851A32B2A}"
EndProject
Project("{FAE04EC0-301F-11D3-BF4B-00C04F79EFBC}") = "Coworking.API.Application", "Coworking.API.Application\Coworking.API.Application.csproj", "{0E1296B6-3C3E-40EC-AA4A-76563B9D61BA}"
EndProject
Project("{FAE04EC0-301F-11D3-BF4B-00C04F79EFBC}") = "Coworking.API", "Coworking.API\Coworking.API.csproj", "{0A796D39-A8EF-47F6-AD9B-DD58CC0A6364}"
EndProject
Project("{FAE04EC0-301F-11D3-BF4B-00C04F79EFBC}") = "Coworking.API.Application.Contracts", "Coworking.API.Application.Contracts\Coworking.API.Application.Contracts.csproj", "{DDBBFF5D-CDC9-441D-9A2A-19FEFF077D24}"
EndProject
Project("{FAE04EC0-301F-11D3-BF4B-00C04F79EFBC}") = "Coworking.API.Application.Tests", "Coworking.API.Application.Tests\Coworking.API.Application.Tests.csproj", "{F79BFCAE-99A0-4CB0-B52A-694F71AB1299}"
EndProject
Project("{2150E333-8FDC-42A3-9474-1A3956D46DE8}") = "1.3 Bussiness", "1.3 Bussiness", "{5F6FB14E-864E-401B-86A0-8AD963B4FBA6}"
EndProject
Project("{FAE04EC0-301F-11D3-BF4B-00C04F79EFBC}") = "Coworking.API.Bussiness", "Coworking.API.Bussiness\Coworking.API.Bussiness.csproj", "{C8F7D32D-10A8-4F41-B397-7A9B96B194C7}"
EndProject
Project("{2150E333-8FDC-42A3-9474-1A3956D46DE8}") = "1.4 Data Access", "1.4 Data Access", "{00BE39EF-0A86-44D1-AEAD-7439496392EA}"
EndProject
Project("{FAE04EC0-301F-11D3-BF4B-00C04F79EFBC}") = "Coworking.API.DataAccess", "Coworking.API.DataAccess\Coworking.API.DataAccess.csproj", "{80A73C17-2C11-4C81-B12C-1AFCEFD3C21C}"
EndProject
Project("{FAE04EC0-301F-11D3-BF4B-00C04F79EFBC}") = "Coworking.API.DataAccess.Contracts", "Coworking.API.DataAccess.Contracts\Coworking.API.DataAccess.Contracts.csproj", "{9A16B06E-3C2F-403D-9689-09A589F18DB7}"
EndProject
Project("{2150E333-8FDC-42A3-9474-1A3956D46DE8}") = "1.5 Cross-Cutting", "1.5 Cross-Cutting", "{2232C0C9-CE87-4D9E-981B-594AFF587123}"
EndProject
Project("{FAE04EC0-301F-11D3-BF4B-00C04F79EFBC}") = "Coworking.API.CrossCutting", "Coworking.API.CrossCutting\Coworking.API.CrossCutting.csproj", "{763F2AF9-D2ED-40FA-A8CC-43B69BDAB61B}"
EndProject
Global
	GlobalSection(SolutionConfigurationPlatforms) = preSolution
		Debug|Any CPU = Debug|Any CPU
		Release|Any CPU = Release|Any CPU
	EndGlobalSection
	GlobalSection(ProjectConfigurationPlatforms) = postSolution
		{0E1296B6-3C3E-40EC-AA4A-76563B9D61BA}.Debug|Any CPU.ActiveCfg = Debug|Any CPU
		{0E1296B6-3C3E-40EC-AA4A-76563B9D61BA}.Debug|Any CPU.Build.0 = Debug|Any CPU
		{0E1296B6-3C3E-40EC-AA4A-76563B9D61BA}.Release|Any CPU.ActiveCfg = Release|Any CPU
		{0E1296B6-3C3E-40EC-AA4A-76563B9D61BA}.Release|Any CPU.Build.0 = Release|Any CPU
		{0A796D39-A8EF-47F6-AD9B-DD58CC0A6364}.Debug|Any CPU.ActiveCfg = Debug|Any CPU
		{0A796D39-A8EF-47F6-AD9B-DD58CC0A6364}.Debug|Any CPU.Build.0 = Debug|Any CPU
		{0A796D39-A8EF-47F6-AD9B-DD58CC0A6364}.Release|Any CPU.ActiveCfg = Release|Any CPU
		{0A796D39-A8EF-47F6-AD9B-DD58CC0A6364}.Release|Any CPU.Build.0 = Release|Any CPU
		{DDBBFF5D-CDC9-441D-9A2A-19FEFF077D24}.Debug|Any CPU.ActiveCfg = Debug|Any CPU
		{DDBBFF5D-CDC9-441D-9A2A-19FEFF077D24}.Debug|Any CPU.Build.0 = Debug|Any CPU
		{DDBBFF5D-CDC9-441D-9A2A-19FEFF077D24}.Release|Any CPU.ActiveCfg = Release|Any CPU
		{DDBBFF5D-CDC9-441D-9A2A-19FEFF077D24}.Release|Any CPU.Build.0 = Release|Any CPU
		{F79BFCAE-99A0-4CB0-B52A-694F71AB1299}.Debug|Any CPU.ActiveCfg = Debug|Any CPU
		{F79BFCAE-99A0-4CB0-B52A-694F71AB1299}.Debug|Any CPU.Build.0 = Debug|Any CPU
		{F79BFCAE-99A0-4CB0-B52A-694F71AB1299}.Release|Any CPU.ActiveCfg = Release|Any CPU
		{F79BFCAE-99A0-4CB0-B52A-694F71AB1299}.Release|Any CPU.Build.0 = Release|Any CPU
		{C8F7D32D-10A8-4F41-B397-7A9B96B194C7}.Debug|Any CPU.ActiveCfg = Debug|Any CPU
		{C8F7D32D-10A8-4F41-B397-7A9B96B194C7}.Debug|Any CPU.Build.0 = Debug|Any CPU
		{C8F7D32D-10A8-4F41-B397-7A9B96B194C7}.Release|Any CPU.ActiveCfg = Release|Any CPU
		{C8F7D32D-10A8-4F41-B397-7A9B96B194C7}.Release|Any CPU.Build.0 = Release|Any CPU
		{80A73C17-2C11-4C81-B12C-1AFCEFD3C21C}.Debug|Any CPU.ActiveCfg = Debug|Any CPU
		{80A73C17-2C11-4C81-B12C-1AFCEFD3C21C}.Debug|Any CPU.Build.0 = Debug|Any CPU
		{80A73C17-2C11-4C81-B12C-1AFCEFD3C21C}.Release|Any CPU.ActiveCfg = Release|Any CPU
		{80A73C17-2C11-4C81-B12C-1AFCEFD3C21C}.Release|Any CPU.Build.0 = Release|Any CPU
		{9A16B06E-3C2F-403D-9689-09A589F18DB7}.Debug|Any CPU.ActiveCfg = Debug|Any CPU
		{9A16B06E-3C2F-403D-9689-09A589F18DB7}.Debug|Any CPU.Build.0 = Debug|Any CPU
		{9A16B06E-3C2F-403D-9689-09A589F18DB7}.Release|Any CPU.ActiveCfg = Release|Any CPU
		{9A16B06E-3C2F-403D-9689-09A589F18DB7}.Release|Any CPU.Build.0 = Release|Any CPU
		{763F2AF9-D2ED-40FA-A8CC-43B69BDAB61B}.Debug|Any CPU.ActiveCfg = Debug|Any CPU
		{763F2AF9-D2ED-40FA-A8CC-43B69BDAB61B}.Debug|Any CPU.Build.0 = Debug|Any CPU
		{763F2AF9-D2ED-40FA-A8CC-43B69BDAB61B}.Release|Any CPU.ActiveCfg = Release|Any CPU
		{763F2AF9-D2ED-40FA-A8CC-43B69BDAB61B}.Release|Any CPU.Build.0 = Release|Any CPU
	EndGlobalSection
	GlobalSection(SolutionProperties) = preSolution
		HideSolutionNode = FALSE
	EndGlobalSection
	GlobalSection(NestedProjects) = preSolution
		{43B46337-5908-4319-B531-CA5DA008B74B} = {0E18BB49-2B7F-4243-B248-9B45DFD8177F}
		{B004120F-5E6A-495C-BCB4-5FB851A32B2A} = {0E18BB49-2B7F-4243-B248-9B45DFD8177F}
		{0E1296B6-3C3E-40EC-AA4A-76563B9D61BA} = {B004120F-5E6A-495C-BCB4-5FB851A32B2A}
		{0A796D39-A8EF-47F6-AD9B-DD58CC0A6364} = {43B46337-5908-4319-B531-CA5DA008B74B}
		{DDBBFF5D-CDC9-441D-9A2A-19FEFF077D24} = {B004120F-5E6A-495C-BCB4-5FB851A32B2A}
		{F79BFCAE-99A0-4CB0-B52A-694F71AB1299} = {B004120F-5E6A-495C-BCB4-5FB851A32B2A}
		{5F6FB14E-864E-401B-86A0-8AD963B4FBA6} = {0E18BB49-2B7F-4243-B248-9B45DFD8177F}
		{C8F7D32D-10A8-4F41-B397-7A9B96B194C7} = {5F6FB14E-864E-401B-86A0-8AD963B4FBA6}
		{00BE39EF-0A86-44D1-AEAD-7439496392EA} = {0E18BB49-2B7F-4243-B248-9B45DFD8177F}
		{80A73C17-2C11-4C81-B12C-1AFCEFD3C21C} = {00BE39EF-0A86-44D1-AEAD-7439496392EA}
		{9A16B06E-3C2F-403D-9689-09A589F18DB7} = {00BE39EF-0A86-44D1-AEAD-7439496392EA}
		{2232C0C9-CE87-4D9E-981B-594AFF587123} = {0E18BB49-2B7F-4243-B248-9B45DFD8177F}
		{763F2AF9-D2ED-40FA-A8CC-43B69BDAB61B} = {2232C0C9-CE87-4D9E-981B-594AFF587123}
	EndGlobalSection
	GlobalSection(ExtensibilityGlobals) = postSolution
		SolutionGuid = {ADC62929-BCE2-4349-83C0-2FE9FA34467B}
	EndGlobalSection
EndGlobal
